// !$*UTF8*$!
{
	archiveVersion = 1;
	classes = {
	};
	objectVersion = 46;
	objects = {

/* Begin PBXBuildFile section */
		63A3302F1DDEAFB70009B090 /* AppDelegate.swift in Sources */ = {isa = PBXBuildFile; fileRef = 63A3302E1DDEAFB70009B090 /* AppDelegate.swift */; };
		63A330311DDEAFB70009B090 /* ViewController.swift in Sources */ = {isa = PBXBuildFile; fileRef = 63A330301DDEAFB70009B090 /* ViewController.swift */; };
		63A330341DDEAFB70009B090 /* Main.storyboard in Resources */ = {isa = PBXBuildFile; fileRef = 63A330321DDEAFB70009B090 /* Main.storyboard */; };
		63A330361DDEAFB70009B090 /* Assets.xcassets in Resources */ = {isa = PBXBuildFile; fileRef = 63A330351DDEAFB70009B090 /* Assets.xcassets */; };
		63A330391DDEAFB70009B090 /* LaunchScreen.storyboard in Resources */ = {isa = PBXBuildFile; fileRef = 63A330371DDEAFB70009B090 /* LaunchScreen.storyboard */; };
/* End PBXBuildFile section */

/* Begin PBXFileReference section */
		63A3302B1DDEAFB70009B090 /* meChat.app */ = {isa = PBXFileReference; explicitFileType = wrapper.application; includeInIndex = 0; path = meChat.app; sourceTree = BUILT_PRODUCTS_DIR; };
		63A3302E1DDEAFB70009B090 /* AppDelegate.swift */ = {isa = PBXFileReference; lastKnownFileType = sourcecode.swift; path = AppDelegate.swift; sourceTree = "<group>"; };
		63A330301DDEAFB70009B090 /* ViewController.swift */ = {isa = PBXFileReference; lastKnownFileType = sourcecode.swift; path = ViewController.swift; sourceTree = "<group>"; };
		63A330331DDEAFB70009B090 /* Base */ = {isa = PBXFileReference; lastKnownFileType = file.storyboard; name = Base; path = Base.lproj/Main.storyboard; sourceTree = "<group>"; };
		63A330351DDEAFB70009B090 /* Assets.xcassets */ = {isa = PBXFileReference; lastKnownFileType = folder.assetcatalog; path = Assets.xcassets; sourceTree = "<group>"; };
		63A330381DDEAFB70009B090 /* Base */ = {isa = PBXFileReference; lastKnownFileType = file.storyboard; name = Base; path = Base.lproj/LaunchScreen.storyboard; sourceTree = "<group>"; };
		63A3303A1DDEAFB70009B090 /* Info.plist */ = {isa = PBXFileReference; lastKnownFileType = text.plist.xml; path = Info.plist; sourceTree = "<group>"; };
/* End PBXFileReference section */

/* Begin PBXFrameworksBuildPhase section */
		63A330281DDEAFB60009B090 /* Frameworks */ = {
			isa = PBXFrameworksBuildPhase;
			buildActionMask = 2147483647;
			files = (
			);
			runOnlyForDeploymentPostprocessing = 0;
		};
/* End PBXFrameworksBuildPhase section */

/* Begin PBXGroup section */
		63A330221DDEAFB60009B090 = {
			isa = PBXGroup;
			children = (
				63A3302D1DDEAFB70009B090 /* meChat */,
				63A3302C1DDEAFB70009B090 /* Products */,
			);
			sourceTree = "<group>";
		};
		63A3302C1DDEAFB70009B090 /* Products */ = {
			isa = PBXGroup;
			children = (
				63A3302B1DDEAFB70009B090 /* meChat.app */,
			);
			name = Products;
			sourceTree = "<group>";
		};
		63A3302D1DDEAFB70009B090 /* meChat */ = {
			isa = PBXGroup;
			children = (
				63A3302E1DDEAFB70009B090 /* AppDelegate.swift */,
				63A330301DDEAFB70009B090 /* ViewController.swift */,
				63A330321DDEAFB70009B090 /* Main.storyboard */,
				63A330351DDEAFB70009B090 /* Assets.xcassets */,
				63A330371DDEAFB70009B090 /* LaunchScreen.storyboard */,
				63A3303A1DDEAFB70009B090 /* Info.plist */,
			);
			path = meChat;
			sourceTree = "<group>";
		};
/* End PBXGroup section */

/* Begin PBXNativeTarget section */
		63A3302A1DDEAFB60009B090 /* meChat */ = {
			isa = PBXNativeTarget;
			buildConfigurationList = 63A3303D1DDEAFB70009B090 /* Build configuration list for PBXNativeTarget "meChat" */;
			buildPhases = (
				63A330271DDEAFB60009B090 /* Sources */,
				63A330281DDEAFB60009B090 /* Frameworks */,
				63A330291DDEAFB60009B090 /* Resources */,
			);
			buildRules = (
			);
			dependencies = (
			);
			name = meChat;
			productName = meChat;
			productReference = 63A3302B1DDEAFB70009B090 /* meChat.app */;
			productType = "com.apple.product-type.application";
		};
/* End PBXNativeTarget section */

/* Begin PBXProject section */
		63A330231DDEAFB60009B090 /* Project object */ = {
			isa = PBXProject;
			attributes = {
				LastSwiftUpdateCheck = 0810;
				LastUpgradeCheck = 0810;
				ORGANIZATIONNAME = David;
				TargetAttributes = {
					63A3302A1DDEAFB60009B090 = {
						CreatedOnToolsVersion = 8.1;
						DevelopmentTeam = GD8VREVBA4;
						ProvisioningStyle = Automatic;
					};
				};
			};
			buildConfigurationList = 63A330261DDEAFB60009B090 /* Build configuration list for PBXProject "meChat" */;
			compatibilityVersion = "Xcode 3.2";
			developmentRegion = English;
			hasScannedForEncodings = 0;
			knownRegions = (
				en,
				Base,
			);
			mainGroup = 63A330221DDEAFB60009B090;
			productRefGroup = 63A3302C1DDEAFB70009B090 /* Products */;
			projectDirPath = "";
			projectRoot = "";
			targets = (
				63A3302A1DDEAFB60009B090 /* meChat */,
			);
		};
/* End PBXProject section */

/* Begin PBXResourcesBuildPhase section */
		63A330291DDEAFB60009B090 /* Resources */ = {
			isa = PBXResourcesBuildPhase;
			buildActionMask = 2147483647;
			files = (
				63A330391DDEAFB70009B090 /* LaunchScreen.storyboard in Resources */,
				63A330361DDEAFB70009B090 /* Assets.xcassets in Resources */,
				63A330341DDEAFB70009B090 /* Main.storyboard in Resources */,
			);
			runOnlyForDeploymentPostprocessing = 0;
		};
/* End PBXResourcesBuildPhase section */

/* Begin PBXSourcesBuildPhase section */
		63A330271DDEAFB60009B090 /* Sources */ = {
			isa = PBXSourcesBuildPhase;
			buildActionMask = 2147483647;
			files = (
				63A330311DDEAFB70009B090 /* ViewController.swift in Sources */,
				63A3302F1DDEAFB70009B090 /* AppDelegate.swift in Sources */,
			);
			runOnlyForDeploymentPostprocessing = 0;
		};
/* End PBXSourcesBuildPhase section */

/* Begin PBXVariantGroup section */
		63A330321DDEAFB70009B090 /* Main.storyboard */ = {
			isa = PBXVariantGroup;
			children = (
				63A330331DDEAFB70009B090 /* Base */,
			);
			name = Main.storyboard;
			sourceTree = "<group>";
		};
		63A330371DDEAFB70009B090 /* LaunchScreen.storyboard */ = {
			isa = PBXVariantGroup;
			children = (
				63A330381DDEAFB70009B090 /* Base */,
			);
			name = LaunchScreen.storyboard;
			sourceTree = "<group>";
		};
/* End PBXVariantGroup section */

/* Begin XCBuildConfiguration section */
		63A3303B1DDEAFB70009B090 /* Debug */ = {
			isa = XCBuildConfiguration;
			buildSettings = {
				ALWAYS_SEARCH_USER_PATHS = NO;
				CLANG_ANALYZER_NONNULL = YES;
				CLANG_CXX_LANGUAGE_STANDARD = "gnu++0x";
				CLANG_CXX_LIBRARY = "libc++";
				CLANG_ENABLE_MODULES = YES;
				CLANG_ENABLE_OBJC_ARC = YES;
				CLANG_WARN_BOOL_CONVERSION = YES;
				CLANG_WARN_CONSTANT_CONVERSION = YES;
				CLANG_WARN_DIRECT_OBJC_ISA_USAGE = YES_ERROR;
				CLANG_WARN_DOCUMENTATION_COMMENTS = YES;
				CLANG_WARN_EMPTY_BODY = YES;
				CLANG_WARN_ENUM_CONVERSION = YES;
				CLANG_WARN_INFINITE_RECURSION = YES;
				CLANG_WARN_INT_CONVERSION = YES;
				CLANG_WARN_OBJC_ROOT_CLASS = YES_ERROR;
				CLANG_WARN_SUSPICIOUS_MOVES = YES;
				CLANG_WARN_UNREACHABLE_CODE = YES;
				CLANG_WARN__DUPLICATE_METHOD_MATCH = YES;
				"CODE_SIGN_IDENTITY[sdk=iphoneos*]" = "iPhone Developer";
				COPY_PHASE_STRIP = NO;
				DEBUG_INFORMATION_FORMAT = dwarf;
				ENABLE_STRICT_OBJC_MSGSEND = YES;
				ENABLE_TESTABILITY = YES;
				GCC_C_LANGUAGE_STANDARD = gnu99;
				GCC_DYNAMIC_NO_PIC = NO;
				GCC_NO_COMMON_BLOCKS = YES;
				GCC_OPTIMIZATION_LEVEL = 0;
				GCC_PREPROCESSOR_DEFINITIONS = (
					"DEBUG=1",
					"$(inherited)",
				);
				GCC_WARN_64_TO_32_BIT_CONVERSION = YES;
				GCC_WARN_ABOUT_RETURN_TYPE = YES_ERROR;
				GCC_WARN_UNDECLARED_SELECTOR = YES;
				GCC_WARN_UNINITIALIZED_AUTOS = YES_AGGRESSIVE;
				GCC_WARN_UNUSED_FUNCTION = YES;
				GCC_WARN_UNUSED_VARIABLE = YES;
				IPHONEOS_DEPLOYMENT_TARGET = 10.1;
				MTL_ENABLE_DEBUG_INFO = YES;
				ONLY_ACTIVE_ARCH = YES;
				SDKROOT = iphoneos;
				SWIFT_ACTIVE_COMPILATION_CONDITIONS = DEBUG;
				SWIFT_OPTIMIZATION_LEVEL = "-Onone";
			};
			name = Debug;
		};
		63A3303C1DDEAFB70009B090 /* Release */ = {
			isa = XCBuildConfiguration;
			buildSettings = {
				ALWAYS_SEARCH_USER_PATHS = NO;
				CLANG_ANALYZER_NONNULL = YES;
				CLANG_CXX_LANGUAGE_STANDARD = "gnu++0x";
				CLANG_CXX_LIBRARY = "libc++";
				CLANG_ENABLE_MODULES = YES;
				CLANG_ENABLE_OBJC_ARC = YES;
				CLANG_WARN_BOOL_CONVERSION = YES;
				CLANG_WARN_CONSTANT_CONVERSION = YES;
				CLANG_WARN_DIRECT_OBJC_ISA_USAGE = YES_ERROR;
				CLANG_WARN_DOCUMENTATION_COMMENTS = YES;
				CLANG_WARN_EMPTY_BODY = YES;
				CLANG_WARN_ENUM_CONVERSION = YES;
				CLANG_WARN_INFINITE_RECURSION = YES;
				CLANG_WARN_INT_CONVERSION = YES;
				CLANG_WARN_OBJC_ROOT_CLASS = YES_ERROR;
				CLANG_WARN_SUSPICIOUS_MOVES = YES;
				CLANG_WARN_UNREACHABLE_CODE = YES;
				CLANG_WARN__DUPLICATE_METHOD_MATCH = YES;
				"CODE_SIGN_IDENTITY[sdk=iphoneos*]" = "iPhone Developer";
				COPY_PHASE_STRIP = NO;
				DEBUG_INFORMATION_FORMAT = "dwarf-with-dsym";
				ENABLE_NS_ASSERTIONS = NO;
				ENABLE_STRICT_OBJC_MSGSEND = YES;
				GCC_C_LANGUAGE_STANDARD = gnu99;
				GCC_NO_COMMON_BLOCKS = YES;
				GCC_WARN_64_TO_32_BIT_CONVERSION = YES;
				GCC_WARN_ABOUT_RETURN_TYPE = YES_ERROR;
				GCC_WARN_UNDECLARED_SELECTOR = YES;
				GCC_WARN_UNINITIALIZED_AUTOS = YES_AGGRESSIVE;
				GCC_WARN_UNUSED_FUNCTION = YES;
				GCC_WARN_UNUSED_VARIABLE = YES;
				IPHONEOS_DEPLOYMENT_TARGET = 10.1;
				MTL_ENABLE_DEBUG_INFO = NO;
				SDKROOT = iphoneos;
				SWIFT_OPTIMIZATION_LEVEL = "-Owholemodule";
				VALIDATE_PRODUCT = YES;
			};
			name = Release;
		};
		63A3303E1DDEAFB70009B090 /* Debug */ = {
			isa = XCBuildConfiguration;
			buildSettings = {
				ASSETCATALOG_COMPILER_APPICON_NAME = AppIcon;
				DEVELOPMENT_TEAM = GD8VREVBA4;
				INFOPLIST_FILE = meChat/Info.plist;
				LD_RUNPATH_SEARCH_PATHS = "$(inherited) @executable_path/Frameworks";
				PRODUCT_BUNDLE_IDENTIFIER = david.meChat;
				PRODUCT_NAME = "$(TARGET_NAME)";
				SWIFT_VERSION = 3.0;
			};
			name = Debug;
		};
		63A3303F1DDEAFB70009B090 /* Release */ = {
			isa = XCBuildConfiguration;
			buildSettings = {
				ASSETCATALOG_COMPILER_APPICON_NAME = AppIcon;
				DEVELOPMENT_TEAM = GD8VREVBA4;
				INFOPLIST_FILE = meChat/Info.plist;
				LD_RUNPATH_SEARCH_PATHS = "$(inherited) @executable_path/Frameworks";
				PRODUCT_BUNDLE_IDENTIFIER = david.meChat;
				PRODUCT_NAME = "$(TARGET_NAME)";
				SWIFT_VERSION = 3.0;
			};
			name = Release;
		};
/* End XCBuildConfiguration section */

/* Begin XCConfigurationList section */
		63A330261DDEAFB60009B090 /* Build configuration list for PBXProject "meChat" */ = {
			isa = XCConfigurationList;
			buildConfigurations = (
				63A3303B1DDEAFB70009B090 /* Debug */,
				63A3303C1DDEAFB70009B090 /* Release */,
			);
			defaultConfigurationIsVisible = 0;
			defaultConfigurationName = Release;
		};
		63A3303D1DDEAFB70009B090 /* Build configuration list for PBXNativeTarget "meChat" */ = {
			isa = XCConfigurationList;
			buildConfigurations = (
				63A3303E1DDEAFB70009B090 /* Debug */,
				63A3303F1DDEAFB70009B090 /* Release */,
			);
			defaultConfigurationIsVisible = 0;
		};
/* End XCConfigurationList section */
	};
	rootObject = 63A330231DDEAFB60009B090 /* Project object */;
}
